
Microsoft Visual Studio Solution File, Format Version 12.00
# Visual Studio Version 16
VisualStudioVersion = 16.0.30907.101
MinimumVisualStudioVersion = 10.0.40219.1
Project("{FAE04EC0-301F-11D3-BF4B-00C04F79EFBC}") = "ShippingQuoteAssignment", "ShippingQuoteAssignment\ShippingQuoteAssignment.csproj", "{2EFF4BA3-DEDB-4493-9055-525C910384E4}"
EndProject
Global
	GlobalSection(SolutionConfigurationPlatforms) = preSolution
		Debug|Any CPU = Debug|Any CPU
		Release|Any CPU = Release|Any CPU
	EndGlobalSection
	GlobalSection(ProjectConfigurationPlatforms) = postSolution
		{2EFF4BA3-DEDB-4493-9055-525C910384E4}.Debug|Any CPU.ActiveCfg = Debug|Any CPU
		{2EFF4BA3-DEDB-4493-9055-525C910384E4}.Debug|Any CPU.Build.0 = Debug|Any CPU
		{2EFF4BA3-DEDB-4493-9055-525C910384E4}.Release|Any CPU.ActiveCfg = Release|Any CPU
		{2EFF4BA3-DEDB-4493-9055-525C910384E4}.Release|Any CPU.Build.0 = Release|Any CPU
	EndGlobalSection
	GlobalSection(SolutionProperties) = preSolution
		HideSolutionNode = FALSE
	EndGlobalSection
	GlobalSection(ExtensibilityGlobals) = postSolution
		SolutionGuid = {DF99CBDE-ED84-4C9F-97DA-0F97321498D0}
	EndGlobalSection
EndGlobal
