
Microsoft Visual Studio Solution File, Format Version 12.00
# Visual Studio Version 16
VisualStudioVersion = 16.0.30907.101
MinimumVisualStudioVersion = 10.0.40219.1
Project("{FAE04EC0-301F-11D3-BF4B-00C04F79EFBC}") = "AbstractClassAssignment", "AbstractClassAssignment\AbstractClassAssignment.csproj", "{F2ABE9CE-665C-45CD-97DC-8558C1C5E36E}"
EndProject
Global
	GlobalSection(SolutionConfigurationPlatforms) = preSolution
		Debug|Any CPU = Debug|Any CPU
		Release|Any CPU = Release|Any CPU
	EndGlobalSection
	GlobalSection(ProjectConfigurationPlatforms) = postSolution
		{F2ABE9CE-665C-45CD-97DC-8558C1C5E36E}.Debug|Any CPU.ActiveCfg = Debug|Any CPU
		{F2ABE9CE-665C-45CD-97DC-8558C1C5E36E}.Debug|Any CPU.Build.0 = Debug|Any CPU
		{F2ABE9CE-665C-45CD-97DC-8558C1C5E36E}.Release|Any CPU.ActiveCfg = Release|Any CPU
		{F2ABE9CE-665C-45CD-97DC-8558C1C5E36E}.Release|Any CPU.Build.0 = Release|Any CPU
	EndGlobalSection
	GlobalSection(SolutionProperties) = preSolution
		HideSolutionNode = FALSE
	EndGlobalSection
	GlobalSection(ExtensibilityGlobals) = postSolution
		SolutionGuid = {10CA0558-BC06-4F67-960F-6061D96DB728}
	EndGlobalSection
EndGlobal
