
Microsoft Visual Studio Solution File, Format Version 12.00
# Visual Studio Version 16
VisualStudioVersion = 16.0.30907.101
MinimumVisualStudioVersion = 10.0.40219.1
Project("{FAE04EC0-301F-11D3-BF4B-00C04F79EFBC}") = "StringsAssignment", "StringsAssignment\StringsAssignment.csproj", "{20DC7A90-1DC6-4F46-BC03-675335B33A0D}"
EndProject
Global
	GlobalSection(SolutionConfigurationPlatforms) = preSolution
		Debug|Any CPU = Debug|Any CPU
		Release|Any CPU = Release|Any CPU
	EndGlobalSection
	GlobalSection(ProjectConfigurationPlatforms) = postSolution
		{20DC7A90-1DC6-4F46-BC03-675335B33A0D}.Debug|Any CPU.ActiveCfg = Debug|Any CPU
		{20DC7A90-1DC6-4F46-BC03-675335B33A0D}.Debug|Any CPU.Build.0 = Debug|Any CPU
		{20DC7A90-1DC6-4F46-BC03-675335B33A0D}.Release|Any CPU.ActiveCfg = Release|Any CPU
		{20DC7A90-1DC6-4F46-BC03-675335B33A0D}.Release|Any CPU.Build.0 = Release|Any CPU
	EndGlobalSection
	GlobalSection(SolutionProperties) = preSolution
		HideSolutionNode = FALSE
	EndGlobalSection
	GlobalSection(ExtensibilityGlobals) = postSolution
		SolutionGuid = {3498EFC3-9288-4868-B676-8918BC68CBC4}
	EndGlobalSection
EndGlobal
